
Microsoft Visual Studio Solution File, Format Version 12.00
# Visual Studio Version 16
VisualStudioVersion = 16.0.30204.135
MinimumVisualStudioVersion = 10.0.40219.1
Project("{FAE04EC0-301F-11D3-BF4B-00C04F79EFBC}") = "music-manager-csharp", "music-manager-csharp\music-manager-csharp.csproj", "{622ED4E2-B63D-450D-A0A2-46710DBEF49F}"
EndProject
Global
	GlobalSection(SolutionConfigurationPlatforms) = preSolution
		Debug|Any CPU = Debug|Any CPU
		Release|Any CPU = Release|Any CPU
	EndGlobalSection
	GlobalSection(ProjectConfigurationPlatforms) = postSolution
		{622ED4E2-B63D-450D-A0A2-46710DBEF49F}.Debug|Any CPU.ActiveCfg = Debug|Any CPU
		{622ED4E2-B63D-450D-A0A2-46710DBEF49F}.Debug|Any CPU.Build.0 = Debug|Any CPU
		{622ED4E2-B63D-450D-A0A2-46710DBEF49F}.Release|Any CPU.ActiveCfg = Release|Any CPU
		{622ED4E2-B63D-450D-A0A2-46710DBEF49F}.Release|Any CPU.Build.0 = Release|Any CPU
	EndGlobalSection
	GlobalSection(SolutionProperties) = preSolution
		HideSolutionNode = FALSE
	EndGlobalSection
	GlobalSection(ExtensibilityGlobals) = postSolution
		SolutionGuid = {35B1EF2E-59EA-4386-8C5A-B6730410FA8E}
	EndGlobalSection
EndGlobal
